// !$*UTF8*$!
{
	archiveVersion = 1;
	classes = {
	};
	objectVersion = 46;
	objects = {

/* Begin PBXBuildFile section */
		5A0400F51D6EC2970055006C /* AppDelegate.swift in Sources */ = {isa = PBXBuildFile; fileRef = 5A0400EC1D6EC2970055006C /* AppDelegate.swift */; };
		5A0400F61D6EC2970055006C /* LaunchScreen.storyboard in Resources */ = {isa = PBXBuildFile; fileRef = 5A0400EE1D6EC2970055006C /* LaunchScreen.storyboard */; };
		5A0400F71D6EC2970055006C /* Main.storyboard in Resources */ = {isa = PBXBuildFile; fileRef = 5A0400EF1D6EC2970055006C /* Main.storyboard */; };
		5A0400F81D6EC2970055006C /* Assets.xcassets in Resources */ = {isa = PBXBuildFile; fileRef = 5A0400F11D6EC2970055006C /* Assets.xcassets */; };
		5A0400F91D6EC2970055006C /* Info.plist in Resources */ = {isa = PBXBuildFile; fileRef = 5A0400F21D6EC2970055006C /* Info.plist */; };
		5A0400FA1D6EC2970055006C /* ViewController.swift in Sources */ = {isa = PBXBuildFile; fileRef = 5A0400F41D6EC2970055006C /* ViewController.swift */; };
/* End PBXBuildFile section */

/* Begin PBXFileReference section */
		46D792E91D3BE04D0074751F /* s-Indicator.app */ = {isa = PBXFileReference; explicitFileType = wrapper.application; includeInIndex = 0; path = "s-Indicator.app"; sourceTree = BUILT_PRODUCTS_DIR; };
		5A0400EC1D6EC2970055006C /* AppDelegate.swift */ = {isa = PBXFileReference; fileEncoding = 4; lastKnownFileType = sourcecode.swift; path = AppDelegate.swift; sourceTree = "<group>"; };
		5A0400EE1D6EC2970055006C /* LaunchScreen.storyboard */ = {isa = PBXFileReference; fileEncoding = 4; lastKnownFileType = file.storyboard; path = LaunchScreen.storyboard; sourceTree = "<group>"; };
		5A0400EF1D6EC2970055006C /* Main.storyboard */ = {isa = PBXFileReference; fileEncoding = 4; lastKnownFileType = file.storyboard; path = Main.storyboard; sourceTree = "<group>"; };
		5A0400F11D6EC2970055006C /* Assets.xcassets */ = {isa = PBXFileReference; lastKnownFileType = folder.assetcatalog; path = Assets.xcassets; sourceTree = "<group>"; };
		5A0400F21D6EC2970055006C /* Info.plist */ = {isa = PBXFileReference; fileEncoding = 4; lastKnownFileType = text.plist.xml; path = Info.plist; sourceTree = "<group>"; };
		5A0400F41D6EC2970055006C /* ViewController.swift */ = {isa = PBXFileReference; fileEncoding = 4; lastKnownFileType = sourcecode.swift; path = ViewController.swift; sourceTree = "<group>"; };
/* End PBXFileReference section */

/* Begin PBXFrameworksBuildPhase section */
		46D792E61D3BE04D0074751F /* Frameworks */ = {
			isa = PBXFrameworksBuildPhase;
			buildActionMask = 2147483647;
			files = (
			);
			runOnlyForDeploymentPostprocessing = 0;
		};
/* End PBXFrameworksBuildPhase section */

/* Begin PBXGroup section */
		46D792E01D3BE04D0074751F = {
			isa = PBXGroup;
			children = (
				46D792EB1D3BE04D0074751F /* s-Indicator */,
				46D792EA1D3BE04D0074751F /* Products */,
			);
			sourceTree = "<group>";
		};
		46D792EA1D3BE04D0074751F /* Products */ = {
			isa = PBXGroup;
			children = (
				46D792E91D3BE04D0074751F /* s-Indicator.app */,
			);
			name = Products;
			sourceTree = "<group>";
		};
		46D792EB1D3BE04D0074751F /* s-Indicator */ = {
			isa = PBXGroup;
			children = (
				5A0400EB1D6EC2970055006C /* AppDelegate */,
				5A0400ED1D6EC2970055006C /* Storyboards */,
				5A0400F01D6EC2970055006C /* SupportingFiles */,
				5A0400F31D6EC2970055006C /* ViewControllers */,
			);
			path = "s-Indicator";
			sourceTree = "<group>";
		};
		5A0400EB1D6EC2970055006C /* AppDelegate */ = {
			isa = PBXGroup;
			children = (
				5A0400EC1D6EC2970055006C /* AppDelegate.swift */,
			);
			path = AppDelegate;
			sourceTree = "<group>";
		};
		5A0400ED1D6EC2970055006C /* Storyboards */ = {
			isa = PBXGroup;
			children = (
				5A0400EE1D6EC2970055006C /* LaunchScreen.storyboard */,
				5A0400EF1D6EC2970055006C /* Main.storyboard */,
			);
			path = Storyboards;
			sourceTree = "<group>";
		};
		5A0400F01D6EC2970055006C /* SupportingFiles */ = {
			isa = PBXGroup;
			children = (
				5A0400F11D6EC2970055006C /* Assets.xcassets */,
				5A0400F21D6EC2970055006C /* Info.plist */,
			);
			path = SupportingFiles;
			sourceTree = "<group>";
		};
		5A0400F31D6EC2970055006C /* ViewControllers */ = {
			isa = PBXGroup;
			children = (
				5A0400F41D6EC2970055006C /* ViewController.swift */,
			);
			path = ViewControllers;
			sourceTree = "<group>";
		};
/* End PBXGroup section */

/* Begin PBXNativeTarget section */
		46D792E81D3BE04D0074751F /* s-Indicator */ = {
			isa = PBXNativeTarget;
			buildConfigurationList = 46D792FB1D3BE04D0074751F /* Build configuration list for PBXNativeTarget "s-Indicator" */;
			buildPhases = (
				46D792E51D3BE04D0074751F /* Sources */,
				46D792E61D3BE04D0074751F /* Frameworks */,
				46D792E71D3BE04D0074751F /* Resources */,
			);
			buildRules = (
			);
			dependencies = (
			);
			name = "s-Indicator";
			productName = "s-Indicator";
			productReference = 46D792E91D3BE04D0074751F /* s-Indicator.app */;
			productType = "com.apple.product-type.application";
		};
/* End PBXNativeTarget section */

/* Begin PBXProject section */
		46D792E11D3BE04D0074751F /* Project object */ = {
			isa = PBXProject;
			attributes = {
				LastSwiftUpdateCheck = 0720;
				LastUpgradeCheck = 0720;
				ORGANIZATIONNAME = "Rushikesh Nikam";
				TargetAttributes = {
					46D792E81D3BE04D0074751F = {
						CreatedOnToolsVersion = 7.2.1;
						DevelopmentTeam = U3M7K6Z7U8;
					};
				};
			};
			buildConfigurationList = 46D792E41D3BE04D0074751F /* Build configuration list for PBXProject "s-Indicator" */;
			compatibilityVersion = "Xcode 3.2";
			developmentRegion = English;
			hasScannedForEncodings = 0;
			knownRegions = (
				en,
				Base,
			);
			mainGroup = 46D792E01D3BE04D0074751F;
			productRefGroup = 46D792EA1D3BE04D0074751F /* Products */;
			projectDirPath = "";
			projectRoot = "";
			targets = (
				46D792E81D3BE04D0074751F /* s-Indicator */,
			);
		};
/* End PBXProject section */

/* Begin PBXResourcesBuildPhase section */
		46D792E71D3BE04D0074751F /* Resources */ = {
			isa = PBXResourcesBuildPhase;
			buildActionMask = 2147483647;
			files = (
				5A0400F91D6EC2970055006C /* Info.plist in Resources */,
				5A0400F61D6EC2970055006C /* LaunchScreen.storyboard in Resources */,
				5A0400F81D6EC2970055006C /* Assets.xcassets in Resources */,
				5A0400F71D6EC2970055006C /* Main.storyboard in Resources */,
			);
			runOnlyForDeploymentPostprocessing = 0;
		};
/* End PBXResourcesBuildPhase section */

/* Begin PBXSourcesBuildPhase section */
		46D792E51D3BE04D0074751F /* Sources */ = {
			isa = PBXSourcesBuildPhase;
			buildActionMask = 2147483647;
			files = (
				5A0400FA1D6EC2970055006C /* ViewController.swift in Sources */,
				5A0400F51D6EC2970055006C /* AppDelegate.swift in Sources */,
			);
			runOnlyForDeploymentPostprocessing = 0;
		};
/* End PBXSourcesBuildPhase section */

/* Begin XCBuildConfiguration section */
		46D792F91D3BE04D0074751F /* Debug */ = {
			isa = XCBuildConfiguration;
			buildSettings = {
				ALWAYS_SEARCH_USER_PATHS = NO;
				CLANG_CXX_LANGUAGE_STANDARD = "gnu++0x";
				CLANG_CXX_LIBRARY = "libc++";
				CLANG_ENABLE_MODULES = YES;
				CLANG_ENABLE_OBJC_ARC = YES;
				CLANG_WARN_BOOL_CONVERSION = YES;
				CLANG_WARN_CONSTANT_CONVERSION = YES;
				CLANG_WARN_DIRECT_OBJC_ISA_USAGE = YES_ERROR;
				CLANG_WARN_EMPTY_BODY = YES;
				CLANG_WARN_ENUM_CONVERSION = YES;
				CLANG_WARN_INT_CONVERSION = YES;
				CLANG_WARN_OBJC_ROOT_CLASS = YES_ERROR;
				CLANG_WARN_UNREACHABLE_CODE = YES;
				CLANG_WARN__DUPLICATE_METHOD_MATCH = YES;
				CODE_SIGN_IDENTITY = "iPhone Developer: Shereeza Khan (6GMGE5FGK6)";
				"CODE_SIGN_IDENTITY[sdk=iphoneos*]" = "iPhone Developer: Shereeza Khan (6GMGE5FGK6)";
				COPY_PHASE_STRIP = NO;
				DEBUG_INFORMATION_FORMAT = dwarf;
				ENABLE_STRICT_OBJC_MSGSEND = YES;
				ENABLE_TESTABILITY = YES;
				GCC_C_LANGUAGE_STANDARD = gnu99;
				GCC_DYNAMIC_NO_PIC = NO;
				GCC_NO_COMMON_BLOCKS = YES;
				GCC_OPTIMIZATION_LEVEL = 0;
				GCC_PREPROCESSOR_DEFINITIONS = (
					"DEBUG=1",
					"$(inherited)",
				);
				GCC_WARN_64_TO_32_BIT_CONVERSION = YES;
				GCC_WARN_ABOUT_RETURN_TYPE = YES_ERROR;
				GCC_WARN_UNDECLARED_SELECTOR = YES;
				GCC_WARN_UNINITIALIZED_AUTOS = YES_AGGRESSIVE;
				GCC_WARN_UNUSED_FUNCTION = YES;
				GCC_WARN_UNUSED_VARIABLE = YES;
				IPHONEOS_DEPLOYMENT_TARGET = 8.4;
				MTL_ENABLE_DEBUG_INFO = YES;
				ONLY_ACTIVE_ARCH = YES;
				PROVISIONING_PROFILE = "ac92afd2-85b2-4d2e-aa23-be4191a8e3ce";
				SDKROOT = iphoneos;
				SWIFT_OPTIMIZATION_LEVEL = "-Onone";
				TARGETED_DEVICE_FAMILY = "1,2";
			};
			name = Debug;
		};
		46D792FA1D3BE04D0074751F /* Release */ = {
			isa = XCBuildConfiguration;
			buildSettings = {
				ALWAYS_SEARCH_USER_PATHS = NO;
				CLANG_CXX_LANGUAGE_STANDARD = "gnu++0x";
				CLANG_CXX_LIBRARY = "libc++";
				CLANG_ENABLE_MODULES = YES;
				CLANG_ENABLE_OBJC_ARC = YES;
				CLANG_WARN_BOOL_CONVERSION = YES;
				CLANG_WARN_CONSTANT_CONVERSION = YES;
				CLANG_WARN_DIRECT_OBJC_ISA_USAGE = YES_ERROR;
				CLANG_WARN_EMPTY_BODY = YES;
				CLANG_WARN_ENUM_CONVERSION = YES;
				CLANG_WARN_INT_CONVERSION = YES;
				CLANG_WARN_OBJC_ROOT_CLASS = YES_ERROR;
				CLANG_WARN_UNREACHABLE_CODE = YES;
				CLANG_WARN__DUPLICATE_METHOD_MATCH = YES;
				CODE_SIGN_IDENTITY = "iPhone Developer: Shereeza Khan (6GMGE5FGK6)";
				"CODE_SIGN_IDENTITY[sdk=iphoneos*]" = "iPhone Developer: Shereeza Khan (6GMGE5FGK6)";
				COPY_PHASE_STRIP = NO;
				DEBUG_INFORMATION_FORMAT = "dwarf-with-dsym";
				ENABLE_NS_ASSERTIONS = NO;
				ENABLE_STRICT_OBJC_MSGSEND = YES;
				GCC_C_LANGUAGE_STANDARD = gnu99;
				GCC_NO_COMMON_BLOCKS = YES;
				GCC_WARN_64_TO_32_BIT_CONVERSION = YES;
				GCC_WARN_ABOUT_RETURN_TYPE = YES_ERROR;
				GCC_WARN_UNDECLARED_SELECTOR = YES;
				GCC_WARN_UNINITIALIZED_AUTOS = YES_AGGRESSIVE;
				GCC_WARN_UNUSED_FUNCTION = YES;
				GCC_WARN_UNUSED_VARIABLE = YES;
				IPHONEOS_DEPLOYMENT_TARGET = 8.4;
				MTL_ENABLE_DEBUG_INFO = NO;
				PROVISIONING_PROFILE = "ac92afd2-85b2-4d2e-aa23-be4191a8e3ce";
				SDKROOT = iphoneos;
				TARGETED_DEVICE_FAMILY = "1,2";
				VALIDATE_PRODUCT = YES;
			};
			name = Release;
		};
		46D792FC1D3BE04D0074751F /* Debug */ = {
			isa = XCBuildConfiguration;
			buildSettings = {
				ASSETCATALOG_COMPILER_APPICON_NAME = AppIcon;
				CODE_SIGN_IDENTITY = "iPhone Developer: Shereeza Khan (6GMGE5FGK6)";
				INFOPLIST_FILE = "$(SRCROOT)/s-Indicator/SupportingFiles/Info.plist";
				IPHONEOS_DEPLOYMENT_TARGET = 8.4;
				LD_RUNPATH_SEARCH_PATHS = "$(inherited) @executable_path/Frameworks";
				PRODUCT_BUNDLE_IDENTIFIER = "com.bits.dev.s-Indicator";
				PRODUCT_NAME = "$(TARGET_NAME)";
				PROVISIONING_PROFILE = "ac92afd2-85b2-4d2e-aa23-be4191a8e3ce";
			};
			name = Debug;
		};
		46D792FD1D3BE04D0074751F /* Release */ = {
			isa = XCBuildConfiguration;
			buildSettings = {
				ASSETCATALOG_COMPILER_APPICON_NAME = AppIcon;
				CODE_SIGN_IDENTITY = "iPhone Developer: Shereeza Khan (6GMGE5FGK6)";
				INFOPLIST_FILE = "$(SRCROOT)/s-Indicator/SupportingFiles/Info.plist";
				IPHONEOS_DEPLOYMENT_TARGET = 8.4;
				LD_RUNPATH_SEARCH_PATHS = "$(inherited) @executable_path/Frameworks";
				PRODUCT_BUNDLE_IDENTIFIER = "com.bits.dev.s-Indicator";
				PRODUCT_NAME = "$(TARGET_NAME)";
				PROVISIONING_PROFILE = "ac92afd2-85b2-4d2e-aa23-be4191a8e3ce";
			};
			name = Release;
		};
/* End XCBuildConfiguration section */

/* Begin XCConfigurationList section */
		46D792E41D3BE04D0074751F /* Build configuration list for PBXProject "s-Indicator" */ = {
			isa = XCConfigurationList;
			buildConfigurations = (
				46D792F91D3BE04D0074751F /* Debug */,
				46D792FA1D3BE04D0074751F /* Release */,
			);
			defaultConfigurationIsVisible = 0;
			defaultConfigurationName = Release;
		};
		46D792FB1D3BE04D0074751F /* Build configuration list for PBXNativeTarget "s-Indicator" */ = {
			isa = XCConfigurationList;
			buildConfigurations = (
				46D792FC1D3BE04D0074751F /* Debug */,
				46D792FD1D3BE04D0074751F /* Release */,
			);
			defaultConfigurationIsVisible = 0;
			defaultConfigurationName = Release;
		};
/* End XCConfigurationList section */
	};
	rootObject = 46D792E11D3BE04D0074751F /* Project object */;
}
